
Microsoft Visual Studio Solution File, Format Version 12.00
# Visual Studio Version 17
VisualStudioVersion = 17.7.34018.315
MinimumVisualStudioVersion = 10.0.40219.1
Project("{8BC9CEB8-8B4A-11D0-8D11-00A0C91BC942}") = "PlagueHack", "PlagueHack.vcxproj", "{9192B238-4FFA-4496-82C9-57034C578048}"
EndProject
Global
	GlobalSection(SolutionConfigurationPlatforms) = preSolution
		Debug|x64 = Debug|x64
		Debug|x86 = Debug|x86
		Release|x64 = Release|x64
		Release|x86 = Release|x86
	EndGlobalSection
	GlobalSection(ProjectConfigurationPlatforms) = postSolution
		{9192B238-4FFA-4496-82C9-57034C578048}.Debug|x64.ActiveCfg = Debug|x64
		{9192B238-4FFA-4496-82C9-57034C578048}.Debug|x64.Build.0 = Debug|x64
		{9192B238-4FFA-4496-82C9-57034C578048}.Debug|x86.ActiveCfg = Debug|Win32
		{9192B238-4FFA-4496-82C9-57034C578048}.Debug|x86.Build.0 = Debug|Win32
		{9192B238-4FFA-4496-82C9-57034C578048}.Release|x64.ActiveCfg = Release|x64
		{9192B238-4FFA-4496-82C9-57034C578048}.Release|x64.Build.0 = Release|x64
		{9192B238-4FFA-4496-82C9-57034C578048}.Release|x86.ActiveCfg = Release|Win32
		{9192B238-4FFA-4496-82C9-57034C578048}.Release|x86.Build.0 = Release|Win32
	EndGlobalSection
	GlobalSection(SolutionProperties) = preSolution
		HideSolutionNode = FALSE
	EndGlobalSection
	GlobalSection(ExtensibilityGlobals) = postSolution
		SolutionGuid = {D92913DD-2CFF-4C0F-B1BC-D2BD818EEE84}
	EndGlobalSection
EndGlobal
